{
  "lockfileVersion": 1,
  "workspaces": {
    "": {
      "dependencies": {
        "i18next": "^25.2.1",
        "react-i18next": "^15.5.3",
      },
    },
  },
  "packages": {
    "@babel/runtime": ["@babel/runtime@7.27.6", "", {}, "sha512-vbavdySgbTTrmFE+EsiqUTzlOr5bzlnJtUv9PynGCAKvfQqjIXbvFdumPM/GxMDfyuGMJaJAU6TO4zc1Jf1i8Q=="],

    "html-parse-stringify": ["html-parse-stringify@3.0.1", "", { "dependencies": { "void-elements": "3.1.0" } }, "sha512-KknJ50kTInJ7qIScF3jeaFRpMpE8/lfiTdzf/twXyPBLAGrLRTmkz3AdTnKeh40X8k9L2fdYwEp/42WGXIRGcg=="],

    "i18next": ["i18next@25.2.1", "", { "dependencies": { "@babel/runtime": "^7.27.1" }, "peerDependencies": { "typescript": "^5" }, "optionalPeers": ["typescript"] }, "sha512-+UoXK5wh+VlE1Zy5p6MjcvctHXAhRwQKCxiJD8noKZzIXmnAX8gdHX5fLPA3MEVxEN4vbZkQFy8N0LyD9tUqPw=="],

    "react": ["react@19.1.0", "", {}, "sha512-FS+XFBNvn3GTAWq26joslQgWNoFu08F4kl0J4CgdNKADkdSGXQyTCnKteIAJy96Br6YbpEU1LSzV5dYtjMkMDg=="],

    "react-i18next": ["react-i18next@15.5.3", "", { "dependencies": { "@babel/runtime": "^7.27.6", "html-parse-stringify": "^3.0.1" }, "peerDependencies": { "i18next": ">= 23.2.3", "react": ">= 16.8.0", "typescript": "^5" }, "optionalPeers": ["typescript"] }, "sha512-ypYmOKOnjqPEJZO4m1BI0kS8kWqkBNsKYyhVUfij0gvjy9xJNoG/VcGkxq5dRlVwzmrmY1BQMAmpbbUBLwC4Kw=="],

    "void-elements": ["void-elements@3.1.0", "", {}, "sha512-Dhxzh5HZuiHQhbvTW9AMetFfBHDMYpo23Uo9btPXgdYP+3T5S+p+jgNy7spra+veYhBP2dCSgxR/i2Y02h5/6w=="],
  }
}
